
Microsoft Visual Studio Solution File, Format Version 12.00
# Visual Studio 2013
VisualStudioVersion = 12.0.31101.0
MinimumVisualStudioVersion = 10.0.40219.1
Project("{2150E333-8FDC-42A3-9474-1A3956D46DE8}") = "Markdowns", "Markdowns", "{F487D8F8-A322-4F7B-82F5-72922E2122E2}"
	ProjectSection(SolutionItems) = preProject
		CONTRIBUTING.md = CONTRIBUTING.md
		README.md = README.md
	EndProjectSection
EndProject
Project("{2150E333-8FDC-42A3-9474-1A3956D46DE8}") = "Build", "Build", "{C893A6AC-4A95-4D59-951B-61C4ABCEAAC2}"
	ProjectSection(SolutionItems) = preProject
		build\Build.proj = build\Build.proj
		build\Experimentalism.ruleset = build\Experimentalism.ruleset
		build\ExperimentalismTest.ruleset = build\ExperimentalismTest.ruleset
	EndProjectSection
EndProject
Project("{2150E333-8FDC-42A3-9474-1A3956D46DE8}") = ".nuget", ".nuget", "{955D29E5-839E-4E13-B1C7-280876B6AE25}"
	ProjectSection(SolutionItems) = preProject
		.nuget\packages.config = .nuget\packages.config
	EndProjectSection
EndProject
Project("{2150E333-8FDC-42A3-9474-1A3956D46DE8}") = "Source", "Source", "{E102D7D2-FF22-43DC-A273-DF690515C276}"
EndProject
Project("{2150E333-8FDC-42A3-9474-1A3956D46DE8}") = "Test", "Test", "{0C3DF458-C908-4D2E-9A4D-BCF7D1C760FB}"
EndProject
Project("{FAE04EC0-301F-11D3-BF4B-00C04F79EFBC}") = "Experiment.Idioms", "src\Experiment.Idioms\Experiment.Idioms.csproj", "{7352FC70-2780-415C-9A43-F889F7B8028D}"
EndProject
Project("{FAE04EC0-301F-11D3-BF4B-00C04F79EFBC}") = "Experiment.Idioms.UnitTest", "test\Experiment.Idioms.UnitTest\Experiment.Idioms.UnitTest.csproj", "{CD942D14-856A-436B-905C-BA417767E977}"
EndProject
Project("{FAE04EC0-301F-11D3-BF4B-00C04F79EFBC}") = "Experiment.Xunit", "src\Experiment.Xunit\Experiment.Xunit.csproj", "{D178DCD9-76A9-4EEB-B850-4E48C70BA07D}"
EndProject
Project("{FAE04EC0-301F-11D3-BF4B-00C04F79EFBC}") = "Experiment.Xunit.UnitTest", "test\Experiment.Xunit.UnitTest\Experiment.Xunit.UnitTest.csproj", "{C014692D-8241-4404-BDAB-634150CB0414}"
EndProject
Project("{2150E333-8FDC-42A3-9474-1A3956D46DE8}") = "Nuspecs", "Nuspecs", "{920F7B7C-CB7C-4F45-9807-E8655CA2505A}"
	ProjectSection(SolutionItems) = preProject
		nuspecs\Experiment.Idioms.nuspec = nuspecs\Experiment.Idioms.nuspec
		nuspecs\Experiment.Xunit.nuspec = nuspecs\Experiment.Xunit.nuspec
	EndProjectSection
EndProject
Global
	GlobalSection(SolutionConfigurationPlatforms) = preSolution
		Debug|Any CPU = Debug|Any CPU
		Release|Any CPU = Release|Any CPU
	EndGlobalSection
	GlobalSection(ProjectConfigurationPlatforms) = postSolution
		{7352FC70-2780-415C-9A43-F889F7B8028D}.Debug|Any CPU.ActiveCfg = Debug|Any CPU
		{7352FC70-2780-415C-9A43-F889F7B8028D}.Debug|Any CPU.Build.0 = Debug|Any CPU
		{7352FC70-2780-415C-9A43-F889F7B8028D}.Release|Any CPU.ActiveCfg = Release|Any CPU
		{7352FC70-2780-415C-9A43-F889F7B8028D}.Release|Any CPU.Build.0 = Release|Any CPU
		{CD942D14-856A-436B-905C-BA417767E977}.Debug|Any CPU.ActiveCfg = Debug|Any CPU
		{CD942D14-856A-436B-905C-BA417767E977}.Debug|Any CPU.Build.0 = Debug|Any CPU
		{CD942D14-856A-436B-905C-BA417767E977}.Release|Any CPU.ActiveCfg = Release|Any CPU
		{CD942D14-856A-436B-905C-BA417767E977}.Release|Any CPU.Build.0 = Release|Any CPU
		{D178DCD9-76A9-4EEB-B850-4E48C70BA07D}.Debug|Any CPU.ActiveCfg = Debug|Any CPU
		{D178DCD9-76A9-4EEB-B850-4E48C70BA07D}.Debug|Any CPU.Build.0 = Debug|Any CPU
		{D178DCD9-76A9-4EEB-B850-4E48C70BA07D}.Release|Any CPU.ActiveCfg = Release|Any CPU
		{D178DCD9-76A9-4EEB-B850-4E48C70BA07D}.Release|Any CPU.Build.0 = Release|Any CPU
		{C014692D-8241-4404-BDAB-634150CB0414}.Debug|Any CPU.ActiveCfg = Debug|Any CPU
		{C014692D-8241-4404-BDAB-634150CB0414}.Debug|Any CPU.Build.0 = Debug|Any CPU
		{C014692D-8241-4404-BDAB-634150CB0414}.Release|Any CPU.ActiveCfg = Release|Any CPU
		{C014692D-8241-4404-BDAB-634150CB0414}.Release|Any CPU.Build.0 = Release|Any CPU
	EndGlobalSection
	GlobalSection(SolutionProperties) = preSolution
		HideSolutionNode = FALSE
	EndGlobalSection
	GlobalSection(NestedProjects) = preSolution
		{7352FC70-2780-415C-9A43-F889F7B8028D} = {E102D7D2-FF22-43DC-A273-DF690515C276}
		{CD942D14-856A-436B-905C-BA417767E977} = {0C3DF458-C908-4D2E-9A4D-BCF7D1C760FB}
		{D178DCD9-76A9-4EEB-B850-4E48C70BA07D} = {E102D7D2-FF22-43DC-A273-DF690515C276}
		{C014692D-8241-4404-BDAB-634150CB0414} = {0C3DF458-C908-4D2E-9A4D-BCF7D1C760FB}
	EndGlobalSection
EndGlobal
