
Microsoft Visual Studio Solution File, Format Version 12.00
# Visual Studio 2013
VisualStudioVersion = 12.0.30501.0
MinimumVisualStudioVersion = 10.0.40219.1
Project("{2150E333-8FDC-42A3-9474-1A3956D46DE8}") = "Markdown", "Markdown", "{F487D8F8-A322-4F7B-82F5-72922E2122E2}"
	ProjectSection(SolutionItems) = preProject
		CONTRIBUTING.md = CONTRIBUTING.md
		README.md = README.md
	EndProjectSection
EndProject
Project("{2150E333-8FDC-42A3-9474-1A3956D46DE8}") = "Nuspec", "Nuspec", "{D77C6607-00C0-44C3-B0B9-D23A2B6DABDA}"
	ProjectSection(SolutionItems) = preProject
		build\Experiment.AutoFixture.nuspec = build\Experiment.AutoFixture.nuspec
		build\Experiment.Idioms.nuspec = build\Experiment.Idioms.nuspec
		build\Experiment.Xunit.nuspec = build\Experiment.Xunit.nuspec
	EndProjectSection
EndProject
Project("{2150E333-8FDC-42A3-9474-1A3956D46DE8}") = "Build", "Build", "{C893A6AC-4A95-4D59-951B-61C4ABCEAAC2}"
	ProjectSection(SolutionItems) = preProject
		build\Build.proj = build\Build.proj
		build\Build.props = build\Build.props
		build\Build.targets = build\Build.targets
		Run.cmd = Run.cmd
	EndProjectSection
EndProject
Project("{FAE04EC0-301F-11D3-BF4B-00C04F79EFBC}") = "Experiment", "src\Experiment\Experiment.csproj", "{7E0AC9AE-046F-427D-8E9C-CE0690FF8A31}"
EndProject
Project("{FAE04EC0-301F-11D3-BF4B-00C04F79EFBC}") = "ExperimentUnitTest", "test\ExperimentUnitTest\ExperimentUnitTest.csproj", "{47A1DAD4-4D1F-40CA-BEE7-E9335240621A}"
EndProject
Project("{2150E333-8FDC-42A3-9474-1A3956D46DE8}") = ".nuget", ".nuget", "{955D29E5-839E-4E13-B1C7-280876B6AE25}"
	ProjectSection(SolutionItems) = preProject
		.nuget\packages.config = .nuget\packages.config
	EndProjectSection
EndProject
Project("{FAE04EC0-301F-11D3-BF4B-00C04F79EFBC}") = "Experiment.AutoFixture", "src\Experiment.AutoFixture\Experiment.AutoFixture.csproj", "{7F77A967-02AA-47FC-A42A-0382697B483A}"
EndProject
Project("{FAE04EC0-301F-11D3-BF4B-00C04F79EFBC}") = "Experiment.AutoFixtureUnitTest", "test\Experiment.AutoFixtureUnitTest\Experiment.AutoFixtureUnitTest.csproj", "{B0139B4D-E570-4EAC-B760-4C01D33CDEF9}"
EndProject
Project("{2150E333-8FDC-42A3-9474-1A3956D46DE8}") = "Source", "Source", "{E102D7D2-FF22-43DC-A273-DF690515C276}"
EndProject
Project("{2150E333-8FDC-42A3-9474-1A3956D46DE8}") = "Test", "Test", "{0C3DF458-C908-4D2E-9A4D-BCF7D1C760FB}"
EndProject
Project("{FAE04EC0-301F-11D3-BF4B-00C04F79EFBC}") = "Experiment.Idioms", "src\Experiment.Idioms\Experiment.Idioms.csproj", "{7352FC70-2780-415C-9A43-F889F7B8028D}"
EndProject
Project("{FAE04EC0-301F-11D3-BF4B-00C04F79EFBC}") = "Experiment.IdiomsUnitTest", "test\Experiment.IdiomsUnitTest\Experiment.IdiomsUnitTest.csproj", "{CD942D14-856A-436B-905C-BA417767E977}"
EndProject
Project("{FAE04EC0-301F-11D3-BF4B-00C04F79EFBC}") = "Experiment.Xunit", "src\Experiment.Xunit\Experiment.Xunit.csproj", "{D178DCD9-76A9-4EEB-B850-4E48C70BA07D}"
EndProject
Project("{FAE04EC0-301F-11D3-BF4B-00C04F79EFBC}") = "Experiment.XunitUnitTest", "test\Experiment.XunitUnitTest\Experiment.XunitUnitTest.csproj", "{C014692D-8241-4404-BDAB-634150CB0414}"
EndProject
Global
	GlobalSection(SolutionConfigurationPlatforms) = preSolution
		Debug|Any CPU = Debug|Any CPU
		Release|Any CPU = Release|Any CPU
	EndGlobalSection
	GlobalSection(ProjectConfigurationPlatforms) = postSolution
		{7E0AC9AE-046F-427D-8E9C-CE0690FF8A31}.Debug|Any CPU.ActiveCfg = Debug|Any CPU
		{7E0AC9AE-046F-427D-8E9C-CE0690FF8A31}.Debug|Any CPU.Build.0 = Debug|Any CPU
		{7E0AC9AE-046F-427D-8E9C-CE0690FF8A31}.Release|Any CPU.ActiveCfg = Release|Any CPU
		{7E0AC9AE-046F-427D-8E9C-CE0690FF8A31}.Release|Any CPU.Build.0 = Release|Any CPU
		{47A1DAD4-4D1F-40CA-BEE7-E9335240621A}.Debug|Any CPU.ActiveCfg = Debug|Any CPU
		{47A1DAD4-4D1F-40CA-BEE7-E9335240621A}.Debug|Any CPU.Build.0 = Debug|Any CPU
		{47A1DAD4-4D1F-40CA-BEE7-E9335240621A}.Release|Any CPU.ActiveCfg = Release|Any CPU
		{47A1DAD4-4D1F-40CA-BEE7-E9335240621A}.Release|Any CPU.Build.0 = Release|Any CPU
		{7F77A967-02AA-47FC-A42A-0382697B483A}.Debug|Any CPU.ActiveCfg = Debug|Any CPU
		{7F77A967-02AA-47FC-A42A-0382697B483A}.Debug|Any CPU.Build.0 = Debug|Any CPU
		{7F77A967-02AA-47FC-A42A-0382697B483A}.Release|Any CPU.ActiveCfg = Release|Any CPU
		{7F77A967-02AA-47FC-A42A-0382697B483A}.Release|Any CPU.Build.0 = Release|Any CPU
		{B0139B4D-E570-4EAC-B760-4C01D33CDEF9}.Debug|Any CPU.ActiveCfg = Debug|Any CPU
		{B0139B4D-E570-4EAC-B760-4C01D33CDEF9}.Debug|Any CPU.Build.0 = Debug|Any CPU
		{B0139B4D-E570-4EAC-B760-4C01D33CDEF9}.Release|Any CPU.ActiveCfg = Release|Any CPU
		{B0139B4D-E570-4EAC-B760-4C01D33CDEF9}.Release|Any CPU.Build.0 = Release|Any CPU
		{7352FC70-2780-415C-9A43-F889F7B8028D}.Debug|Any CPU.ActiveCfg = Debug|Any CPU
		{7352FC70-2780-415C-9A43-F889F7B8028D}.Debug|Any CPU.Build.0 = Debug|Any CPU
		{7352FC70-2780-415C-9A43-F889F7B8028D}.Release|Any CPU.ActiveCfg = Release|Any CPU
		{7352FC70-2780-415C-9A43-F889F7B8028D}.Release|Any CPU.Build.0 = Release|Any CPU
		{CD942D14-856A-436B-905C-BA417767E977}.Debug|Any CPU.ActiveCfg = Debug|Any CPU
		{CD942D14-856A-436B-905C-BA417767E977}.Debug|Any CPU.Build.0 = Debug|Any CPU
		{CD942D14-856A-436B-905C-BA417767E977}.Release|Any CPU.ActiveCfg = Release|Any CPU
		{CD942D14-856A-436B-905C-BA417767E977}.Release|Any CPU.Build.0 = Release|Any CPU
		{D178DCD9-76A9-4EEB-B850-4E48C70BA07D}.Debug|Any CPU.ActiveCfg = Debug|Any CPU
		{D178DCD9-76A9-4EEB-B850-4E48C70BA07D}.Debug|Any CPU.Build.0 = Debug|Any CPU
		{D178DCD9-76A9-4EEB-B850-4E48C70BA07D}.Release|Any CPU.ActiveCfg = Release|Any CPU
		{D178DCD9-76A9-4EEB-B850-4E48C70BA07D}.Release|Any CPU.Build.0 = Release|Any CPU
		{C014692D-8241-4404-BDAB-634150CB0414}.Debug|Any CPU.ActiveCfg = Debug|Any CPU
		{C014692D-8241-4404-BDAB-634150CB0414}.Debug|Any CPU.Build.0 = Debug|Any CPU
		{C014692D-8241-4404-BDAB-634150CB0414}.Release|Any CPU.ActiveCfg = Release|Any CPU
		{C014692D-8241-4404-BDAB-634150CB0414}.Release|Any CPU.Build.0 = Release|Any CPU
	EndGlobalSection
	GlobalSection(SolutionProperties) = preSolution
		HideSolutionNode = FALSE
	EndGlobalSection
	GlobalSection(NestedProjects) = preSolution
		{7E0AC9AE-046F-427D-8E9C-CE0690FF8A31} = {E102D7D2-FF22-43DC-A273-DF690515C276}
		{47A1DAD4-4D1F-40CA-BEE7-E9335240621A} = {0C3DF458-C908-4D2E-9A4D-BCF7D1C760FB}
		{7F77A967-02AA-47FC-A42A-0382697B483A} = {E102D7D2-FF22-43DC-A273-DF690515C276}
		{B0139B4D-E570-4EAC-B760-4C01D33CDEF9} = {0C3DF458-C908-4D2E-9A4D-BCF7D1C760FB}
		{7352FC70-2780-415C-9A43-F889F7B8028D} = {E102D7D2-FF22-43DC-A273-DF690515C276}
		{CD942D14-856A-436B-905C-BA417767E977} = {0C3DF458-C908-4D2E-9A4D-BCF7D1C760FB}
		{D178DCD9-76A9-4EEB-B850-4E48C70BA07D} = {E102D7D2-FF22-43DC-A273-DF690515C276}
		{C014692D-8241-4404-BDAB-634150CB0414} = {0C3DF458-C908-4D2E-9A4D-BCF7D1C760FB}
	EndGlobalSection
EndGlobal
