
Microsoft Visual Studio Solution File, Format Version 11.00
# Visual Studio 2010
Project("{FAE04EC0-301F-11D3-BF4B-00C04F79EFBC}") = "Experiment", "src\Experiment\Experiment.csproj", "{7E0AC9AE-046F-427D-8E9C-CE0690FF8A31}"
EndProject
Project("{FAE04EC0-301F-11D3-BF4B-00C04F79EFBC}") = "ExperimentUnitTest", "test\ExperimentUnitTest\ExperimentUnitTest.csproj", "{47A1DAD4-4D1F-40CA-BEE7-E9335240621A}"
EndProject
Project("{2150E333-8FDC-42A3-9474-1A3956D46DE8}") = ".nuget", ".nuget", "{955D29E5-839E-4E13-B1C7-280876B6AE25}"
	ProjectSection(SolutionItems) = preProject
		.nuget\packages.config = .nuget\packages.config
	EndProjectSection
EndProject
Project("{FAE04EC0-301F-11D3-BF4B-00C04F79EFBC}") = "Experiment.AutoFixture", "src\Experiment.AutoFixture\Experiment.AutoFixture.csproj", "{B78B09AD-1B2D-40E8-A4E0-15913A04B313}"
EndProject
Project("{FAE04EC0-301F-11D3-BF4B-00C04F79EFBC}") = "Experiment.AutoFixtureUnitTest", "test\Experiment.AutoFixtureUnitTest\Experiment.AutoFixtureUnitTest.csproj", "{C973EFC7-A82F-4BFB-B564-93C1E5B8186B}"
EndProject
Global
	GlobalSection(SolutionConfigurationPlatforms) = preSolution
		Debug|Any CPU = Debug|Any CPU
		Release|Any CPU = Release|Any CPU
	EndGlobalSection
	GlobalSection(ProjectConfigurationPlatforms) = postSolution
		{7E0AC9AE-046F-427D-8E9C-CE0690FF8A31}.Debug|Any CPU.ActiveCfg = Debug|Any CPU
		{7E0AC9AE-046F-427D-8E9C-CE0690FF8A31}.Debug|Any CPU.Build.0 = Debug|Any CPU
		{7E0AC9AE-046F-427D-8E9C-CE0690FF8A31}.Release|Any CPU.ActiveCfg = Release|Any CPU
		{7E0AC9AE-046F-427D-8E9C-CE0690FF8A31}.Release|Any CPU.Build.0 = Release|Any CPU
		{47A1DAD4-4D1F-40CA-BEE7-E9335240621A}.Debug|Any CPU.ActiveCfg = Debug|Any CPU
		{47A1DAD4-4D1F-40CA-BEE7-E9335240621A}.Debug|Any CPU.Build.0 = Debug|Any CPU
		{47A1DAD4-4D1F-40CA-BEE7-E9335240621A}.Release|Any CPU.ActiveCfg = Release|Any CPU
		{47A1DAD4-4D1F-40CA-BEE7-E9335240621A}.Release|Any CPU.Build.0 = Release|Any CPU
		{B78B09AD-1B2D-40E8-A4E0-15913A04B313}.Debug|Any CPU.ActiveCfg = Debug|Any CPU
		{B78B09AD-1B2D-40E8-A4E0-15913A04B313}.Debug|Any CPU.Build.0 = Debug|Any CPU
		{B78B09AD-1B2D-40E8-A4E0-15913A04B313}.Release|Any CPU.ActiveCfg = Release|Any CPU
		{B78B09AD-1B2D-40E8-A4E0-15913A04B313}.Release|Any CPU.Build.0 = Release|Any CPU
		{C973EFC7-A82F-4BFB-B564-93C1E5B8186B}.Debug|Any CPU.ActiveCfg = Debug|Any CPU
		{C973EFC7-A82F-4BFB-B564-93C1E5B8186B}.Debug|Any CPU.Build.0 = Debug|Any CPU
		{C973EFC7-A82F-4BFB-B564-93C1E5B8186B}.Release|Any CPU.ActiveCfg = Release|Any CPU
		{C973EFC7-A82F-4BFB-B564-93C1E5B8186B}.Release|Any CPU.Build.0 = Release|Any CPU
	EndGlobalSection
	GlobalSection(SolutionProperties) = preSolution
		HideSolutionNode = FALSE
	EndGlobalSection
EndGlobal
