
Microsoft Visual Studio Solution File, Format Version 11.00
# Visual Studio 2010
Project("{FAE04EC0-301F-11D3-BF4B-00C04F79EFBC}") = "Experiment", "src\Experimental\Experiment.csproj", "{7E0AC9AE-046F-427D-8E9C-CE0690FF8A31}"
EndProject
Project("{FAE04EC0-301F-11D3-BF4B-00C04F79EFBC}") = "ExperimentUnitTest", "test\ExperimentalUnitTest\ExperimentUnitTest.csproj", "{47A1DAD4-4D1F-40CA-BEE7-E9335240621A}"
EndProject
Project("{2150E333-8FDC-42A3-9474-1A3956D46DE8}") = ".nuget", ".nuget", "{400F55A0-72BE-4D79-92CE-5937F59BF577}"
	ProjectSection(SolutionItems) = preProject
		.nuget\NuGet.Config = .nuget\NuGet.Config
		.nuget\NuGet.exe = .nuget\NuGet.exe
		.nuget\NuGet.targets = .nuget\NuGet.targets
	EndProjectSection
EndProject
Global
	GlobalSection(SolutionConfigurationPlatforms) = preSolution
		Debug|Any CPU = Debug|Any CPU
		Release|Any CPU = Release|Any CPU
	EndGlobalSection
	GlobalSection(ProjectConfigurationPlatforms) = postSolution
		{7E0AC9AE-046F-427D-8E9C-CE0690FF8A31}.Debug|Any CPU.ActiveCfg = Debug|Any CPU
		{7E0AC9AE-046F-427D-8E9C-CE0690FF8A31}.Debug|Any CPU.Build.0 = Debug|Any CPU
		{7E0AC9AE-046F-427D-8E9C-CE0690FF8A31}.Release|Any CPU.ActiveCfg = Release|Any CPU
		{7E0AC9AE-046F-427D-8E9C-CE0690FF8A31}.Release|Any CPU.Build.0 = Release|Any CPU
		{47A1DAD4-4D1F-40CA-BEE7-E9335240621A}.Debug|Any CPU.ActiveCfg = Debug|Any CPU
		{47A1DAD4-4D1F-40CA-BEE7-E9335240621A}.Debug|Any CPU.Build.0 = Debug|Any CPU
		{47A1DAD4-4D1F-40CA-BEE7-E9335240621A}.Release|Any CPU.ActiveCfg = Release|Any CPU
		{47A1DAD4-4D1F-40CA-BEE7-E9335240621A}.Release|Any CPU.Build.0 = Release|Any CPU
	EndGlobalSection
	GlobalSection(SolutionProperties) = preSolution
		HideSolutionNode = FALSE
	EndGlobalSection
EndGlobal
