
Microsoft Visual Studio Solution File, Format Version 12.00
# Visual Studio 2013
VisualStudioVersion = 12.0.30110.0
MinimumVisualStudioVersion = 10.0.40219.1
Project("{2150E333-8FDC-42A3-9474-1A3956D46DE8}") = "Markdown", "Markdown", "{F487D8F8-A322-4F7B-82F5-72922E2122E2}"
	ProjectSection(SolutionItems) = preProject
		CONTRIBUTING.md = CONTRIBUTING.md
		README.md = README.md
	EndProjectSection
EndProject
Project("{2150E333-8FDC-42A3-9474-1A3956D46DE8}") = "Nuspec", "Nuspec", "{D77C6607-00C0-44C3-B0B9-D23A2B6DABDA}"
	ProjectSection(SolutionItems) = preProject
		build\Experiment.AutoFixture.nuspec = build\Experiment.AutoFixture.nuspec
		build\Experiment.AutoFixtureWithExample.nuspec = build\Experiment.AutoFixtureWithExample.nuspec
		build\Experiment.nuspec = build\Experiment.nuspec
	EndProjectSection
EndProject
Project("{2150E333-8FDC-42A3-9474-1A3956D46DE8}") = "Build", "Build", "{C893A6AC-4A95-4D59-951B-61C4ABCEAAC2}"
	ProjectSection(SolutionItems) = preProject
		build\Build.proj = build\Build.proj
		build\Build.props = build\Build.props
		build\Build.targets = build\Build.targets
		Run.cmd = Run.cmd
	EndProjectSection
EndProject
Global
	GlobalSection(SolutionProperties) = preSolution
		HideSolutionNode = FALSE
	EndGlobalSection
EndGlobal
